
Microsoft Visual Studio Solution File, Format Version 12.00
# Visual Studio Version 16
VisualStudioVersion = 16.0.31424.327
MinimumVisualStudioVersion = 10.0.40219.1
Project("{9A19103F-16F7-4668-BE54-9A1E7A4F7556}") = "WordFinder.BL", "WordFinder.BA\WordFinder.BL.csproj", "{3240BE40-956C-42FC-AA4A-0FC66E9D284A}"
EndProject
Project("{FAE04EC0-301F-11D3-BF4B-00C04F79EFBC}") = "WordFinder.BL.Test", "WordFinder.BL.Test\WordFinder.BL.Test.csproj", "{76D88C65-EBA8-496E-804E-2F540D410EBB}"
EndProject
Global
	GlobalSection(SolutionConfigurationPlatforms) = preSolution
		Debug|Any CPU = Debug|Any CPU
		Release|Any CPU = Release|Any CPU
	EndGlobalSection
	GlobalSection(ProjectConfigurationPlatforms) = postSolution
		{3240BE40-956C-42FC-AA4A-0FC66E9D284A}.Debug|Any CPU.ActiveCfg = Debug|Any CPU
		{3240BE40-956C-42FC-AA4A-0FC66E9D284A}.Debug|Any CPU.Build.0 = Debug|Any CPU
		{3240BE40-956C-42FC-AA4A-0FC66E9D284A}.Release|Any CPU.ActiveCfg = Release|Any CPU
		{3240BE40-956C-42FC-AA4A-0FC66E9D284A}.Release|Any CPU.Build.0 = Release|Any CPU
		{76D88C65-EBA8-496E-804E-2F540D410EBB}.Debug|Any CPU.ActiveCfg = Debug|Any CPU
		{76D88C65-EBA8-496E-804E-2F540D410EBB}.Debug|Any CPU.Build.0 = Debug|Any CPU
		{76D88C65-EBA8-496E-804E-2F540D410EBB}.Release|Any CPU.ActiveCfg = Release|Any CPU
		{76D88C65-EBA8-496E-804E-2F540D410EBB}.Release|Any CPU.Build.0 = Release|Any CPU
	EndGlobalSection
	GlobalSection(SolutionProperties) = preSolution
		HideSolutionNode = FALSE
	EndGlobalSection
	GlobalSection(ExtensibilityGlobals) = postSolution
		SolutionGuid = {66A5A17B-926E-4B27-8FDD-12DC3B4E8821}
	EndGlobalSection
EndGlobal
